
Microsoft Visual Studio Solution File, Format Version 12.00
# Visual Studio Version 16
VisualStudioVersion = 16.0.30621.155
MinimumVisualStudioVersion = 10.0.40219.1
Project("{FAE04EC0-301F-11D3-BF4B-00C04F79EFBC}") = "calculator", "calculator\calculator.csproj", "{867FC5B6-0B4B-4C7F-97AF-D67547E4648C}"
EndProject
Global
	GlobalSection(SolutionConfigurationPlatforms) = preSolution
		Debug|Any CPU = Debug|Any CPU
		Release|Any CPU = Release|Any CPU
	EndGlobalSection
	GlobalSection(ProjectConfigurationPlatforms) = postSolution
		{867FC5B6-0B4B-4C7F-97AF-D67547E4648C}.Debug|Any CPU.ActiveCfg = Debug|Any CPU
		{867FC5B6-0B4B-4C7F-97AF-D67547E4648C}.Debug|Any CPU.Build.0 = Debug|Any CPU
		{867FC5B6-0B4B-4C7F-97AF-D67547E4648C}.Release|Any CPU.ActiveCfg = Release|Any CPU
		{867FC5B6-0B4B-4C7F-97AF-D67547E4648C}.Release|Any CPU.Build.0 = Release|Any CPU
	EndGlobalSection
	GlobalSection(SolutionProperties) = preSolution
		HideSolutionNode = FALSE
	EndGlobalSection
	GlobalSection(ExtensibilityGlobals) = postSolution
		SolutionGuid = {FB092492-D7D5-48B5-98FD-237F7F3F3D38}
	EndGlobalSection
EndGlobal
