
Microsoft Visual Studio Solution File, Format Version 12.00
# Visual Studio Version 16
VisualStudioVersion = 16.0.30621.155
MinimumVisualStudioVersion = 10.0.40219.1
Project("{FAE04EC0-301F-11D3-BF4B-00C04F79EFBC}") = "currency converter", "currency converter\currency converter.csproj", "{AD0B67CB-8441-4885-82D4-8153273A336F}"
EndProject
Global
	GlobalSection(SolutionConfigurationPlatforms) = preSolution
		Debug|Any CPU = Debug|Any CPU
		Release|Any CPU = Release|Any CPU
	EndGlobalSection
	GlobalSection(ProjectConfigurationPlatforms) = postSolution
		{AD0B67CB-8441-4885-82D4-8153273A336F}.Debug|Any CPU.ActiveCfg = Debug|Any CPU
		{AD0B67CB-8441-4885-82D4-8153273A336F}.Debug|Any CPU.Build.0 = Debug|Any CPU
		{AD0B67CB-8441-4885-82D4-8153273A336F}.Release|Any CPU.ActiveCfg = Release|Any CPU
		{AD0B67CB-8441-4885-82D4-8153273A336F}.Release|Any CPU.Build.0 = Release|Any CPU
	EndGlobalSection
	GlobalSection(SolutionProperties) = preSolution
		HideSolutionNode = FALSE
	EndGlobalSection
	GlobalSection(ExtensibilityGlobals) = postSolution
		SolutionGuid = {A85ECAA6-2011-403A-A3AE-C3BC8A36612B}
	EndGlobalSection
EndGlobal
